
Microsoft Visual Studio Solution File, Format Version 12.00
# Visual Studio Version 16
VisualStudioVersion = 16.0.30104.148
MinimumVisualStudioVersion = 10.0.40219.1
Project("{888888A0-9F3D-457C-B088-3A5042F75D52}") = "Examples", "Examples.pyproj", "{A2E311BF-062A-40E4-9B08-533D3CD83D27}"
EndProject
Global
	GlobalSection(SolutionConfigurationPlatforms) = preSolution
		Debug|Any CPU = Debug|Any CPU
		Release|Any CPU = Release|Any CPU
	EndGlobalSection
	GlobalSection(ProjectConfigurationPlatforms) = postSolution
		{A2E311BF-062A-40E4-9B08-533D3CD83D27}.Debug|Any CPU.ActiveCfg = Debug|Any CPU
		{A2E311BF-062A-40E4-9B08-533D3CD83D27}.Release|Any CPU.ActiveCfg = Release|Any CPU
	EndGlobalSection
	GlobalSection(SolutionProperties) = preSolution
		HideSolutionNode = FALSE
	EndGlobalSection
	GlobalSection(ExtensibilityGlobals) = postSolution
		SolutionGuid = {4BC891C3-52AF-4FBE-A247-351A16BBEECC}
	EndGlobalSection
EndGlobal
